
Microsoft Visual Studio Solution File, Format Version 12.00
# Visual Studio 14
VisualStudioVersion = 14.0.24720.0
MinimumVisualStudioVersion = 10.0.40219.1
Project("{FAE04EC0-301F-11D3-BF4B-00C04F79EFBC}") = "game_final", "game_final\game_final.csproj", "{D93968E6-FF96-451E-8C0A-1769D8678D44}"
EndProject
Project("{FAE04EC0-301F-11D3-BF4B-00C04F79EFBC}") = "game_queue", "game_queue\game_queue.csproj", "{9B944ABB-3FD0-482B-B05C-765DC763C3CE}"
EndProject
Global
	GlobalSection(SolutionConfigurationPlatforms) = preSolution
		Debug|Any CPU = Debug|Any CPU
		Release|Any CPU = Release|Any CPU
	EndGlobalSection
	GlobalSection(ProjectConfigurationPlatforms) = postSolution
		{D93968E6-FF96-451E-8C0A-1769D8678D44}.Debug|Any CPU.ActiveCfg = Debug|Any CPU
		{D93968E6-FF96-451E-8C0A-1769D8678D44}.Debug|Any CPU.Build.0 = Debug|Any CPU
		{D93968E6-FF96-451E-8C0A-1769D8678D44}.Release|Any CPU.ActiveCfg = Release|Any CPU
		{D93968E6-FF96-451E-8C0A-1769D8678D44}.Release|Any CPU.Build.0 = Release|Any CPU
		{9B944ABB-3FD0-482B-B05C-765DC763C3CE}.Debug|Any CPU.ActiveCfg = Debug|Any CPU
		{9B944ABB-3FD0-482B-B05C-765DC763C3CE}.Debug|Any CPU.Build.0 = Debug|Any CPU
		{9B944ABB-3FD0-482B-B05C-765DC763C3CE}.Release|Any CPU.ActiveCfg = Release|Any CPU
		{9B944ABB-3FD0-482B-B05C-765DC763C3CE}.Release|Any CPU.Build.0 = Release|Any CPU
	EndGlobalSection
	GlobalSection(SolutionProperties) = preSolution
		HideSolutionNode = FALSE
	EndGlobalSection
EndGlobal
